
Microsoft Visual Studio Solution File, Format Version 12.00
# Visual Studio Version 16
VisualStudioVersion = 16.0.29519.87
MinimumVisualStudioVersion = 10.0.40219.1
Project("{FAE04EC0-301F-11D3-BF4B-00C04F79EFBC}") = "RoomManagementClient", "RoomManagementClient.csproj", "{854B3D81-7F1D-4F83-B9E1-7AAC0C59FEF5}"
EndProject
Project("{FAE04EC0-301F-11D3-BF4B-00C04F79EFBC}") = "RoomManagment.Core", "..\RoomManagment.Core\RoomManagment.Core.csproj", "{1F6C3A1F-1BD7-4D39-8ACA-24551984C65D}"
EndProject
Global
	GlobalSection(SolutionConfigurationPlatforms) = preSolution
		Debug|Any CPU = Debug|Any CPU
		Release|Any CPU = Release|Any CPU
	EndGlobalSection
	GlobalSection(ProjectConfigurationPlatforms) = postSolution
		{854B3D81-7F1D-4F83-B9E1-7AAC0C59FEF5}.Debug|Any CPU.ActiveCfg = Debug|Any CPU
		{854B3D81-7F1D-4F83-B9E1-7AAC0C59FEF5}.Debug|Any CPU.Build.0 = Debug|Any CPU
		{854B3D81-7F1D-4F83-B9E1-7AAC0C59FEF5}.Release|Any CPU.ActiveCfg = Release|Any CPU
		{854B3D81-7F1D-4F83-B9E1-7AAC0C59FEF5}.Release|Any CPU.Build.0 = Release|Any CPU
		{1F6C3A1F-1BD7-4D39-8ACA-24551984C65D}.Debug|Any CPU.ActiveCfg = Debug|Any CPU
		{1F6C3A1F-1BD7-4D39-8ACA-24551984C65D}.Debug|Any CPU.Build.0 = Debug|Any CPU
		{1F6C3A1F-1BD7-4D39-8ACA-24551984C65D}.Release|Any CPU.ActiveCfg = Release|Any CPU
		{1F6C3A1F-1BD7-4D39-8ACA-24551984C65D}.Release|Any CPU.Build.0 = Release|Any CPU
	EndGlobalSection
	GlobalSection(SolutionProperties) = preSolution
		HideSolutionNode = FALSE
	EndGlobalSection
	GlobalSection(ExtensibilityGlobals) = postSolution
		SolutionGuid = {33824830-32F9-43A0-AA04-13B0EAE0834D}
	EndGlobalSection
EndGlobal
